
Microsoft Visual Studio Solution File, Format Version 12.00
Project("{FAE04EC0-301F-11D3-BF4B-00C04F79EFBC}") = "KPO_mini_DZ1", "KPO_mini_DZ1\KPO_mini_DZ1.csproj", "{C4253C4C-D5BE-4A2F-9397-92793584C802}"
EndProject
Project("{FAE04EC0-301F-11D3-BF4B-00C04F79EFBC}") = "EAnimalsLib", "EAnimalsLib\EAnimalsLib.csproj", "{D9C5A8B0-F26C-4B49-889F-6A6E6796B6A1}"
EndProject
Project("{FAE04EC0-301F-11D3-BF4B-00C04F79EFBC}") = "EBasicClassesLib", "EBasicClassesLib\EBasicClassesLib.csproj", "{EFF7FADE-CC58-4323-A083-23924CB53F7E}"
EndProject
Global
	GlobalSection(SolutionConfigurationPlatforms) = preSolution
		Debug|Any CPU = Debug|Any CPU
		Release|Any CPU = Release|Any CPU
	EndGlobalSection
	GlobalSection(ProjectConfigurationPlatforms) = postSolution
		{C4253C4C-D5BE-4A2F-9397-92793584C802}.Debug|Any CPU.ActiveCfg = Debug|Any CPU
		{C4253C4C-D5BE-4A2F-9397-92793584C802}.Debug|Any CPU.Build.0 = Debug|Any CPU
		{C4253C4C-D5BE-4A2F-9397-92793584C802}.Release|Any CPU.ActiveCfg = Release|Any CPU
		{C4253C4C-D5BE-4A2F-9397-92793584C802}.Release|Any CPU.Build.0 = Release|Any CPU
		{D9C5A8B0-F26C-4B49-889F-6A6E6796B6A1}.Debug|Any CPU.ActiveCfg = Debug|Any CPU
		{D9C5A8B0-F26C-4B49-889F-6A6E6796B6A1}.Debug|Any CPU.Build.0 = Debug|Any CPU
		{D9C5A8B0-F26C-4B49-889F-6A6E6796B6A1}.Release|Any CPU.ActiveCfg = Release|Any CPU
		{D9C5A8B0-F26C-4B49-889F-6A6E6796B6A1}.Release|Any CPU.Build.0 = Release|Any CPU
		{EFF7FADE-CC58-4323-A083-23924CB53F7E}.Debug|Any CPU.ActiveCfg = Debug|Any CPU
		{EFF7FADE-CC58-4323-A083-23924CB53F7E}.Debug|Any CPU.Build.0 = Debug|Any CPU
		{EFF7FADE-CC58-4323-A083-23924CB53F7E}.Release|Any CPU.ActiveCfg = Release|Any CPU
		{EFF7FADE-CC58-4323-A083-23924CB53F7E}.Release|Any CPU.Build.0 = Release|Any CPU
	EndGlobalSection
EndGlobal
